
Microsoft Visual Studio Solution File, Format Version 12.00
# Visual Studio 15
VisualStudioVersion = 15.0.27428.2005
MinimumVisualStudioVersion = 10.0.40219.1
Project("{FAE04EC0-301F-11D3-BF4B-00C04F79EFBC}") = "Core.Web.Crud.Web", "Core.Web.Crud.Web\Core.Web.Crud.Web.csproj", "{A4A5D777-8B03-4B13-AF32-E2A6AE4A905B}"
EndProject
Global
	GlobalSection(SolutionConfigurationPlatforms) = preSolution
		Debug|Any CPU = Debug|Any CPU
		Release|Any CPU = Release|Any CPU
	EndGlobalSection
	GlobalSection(ProjectConfigurationPlatforms) = postSolution
		{A4A5D777-8B03-4B13-AF32-E2A6AE4A905B}.Debug|Any CPU.ActiveCfg = Debug|Any CPU
		{A4A5D777-8B03-4B13-AF32-E2A6AE4A905B}.Debug|Any CPU.Build.0 = Debug|Any CPU
		{A4A5D777-8B03-4B13-AF32-E2A6AE4A905B}.Release|Any CPU.ActiveCfg = Release|Any CPU
		{A4A5D777-8B03-4B13-AF32-E2A6AE4A905B}.Release|Any CPU.Build.0 = Release|Any CPU
	EndGlobalSection
	GlobalSection(SolutionProperties) = preSolution
		HideSolutionNode = FALSE
	EndGlobalSection
	GlobalSection(ExtensibilityGlobals) = postSolution
		SolutionGuid = {4FB1719A-5C8C-47FB-8BEE-0107F0740ED5}
	EndGlobalSection
EndGlobal
